
Microsoft Visual Studio Solution File, Format Version 12.00
# Visual Studio 15
VisualStudioVersion = 15.0.28307.438
MinimumVisualStudioVersion = 10.0.40219.1
Project("{FAE04EC0-301F-11D3-BF4B-00C04F79EFBC}") = "Decimal", "Decimal\Decimal.csproj", "{753092B7-7EBB-4073-8CCB-9F6B1C28EE76}"
EndProject
Global
	GlobalSection(SolutionConfigurationPlatforms) = preSolution
		Debug|Any CPU = Debug|Any CPU
		Release|Any CPU = Release|Any CPU
	EndGlobalSection
	GlobalSection(ProjectConfigurationPlatforms) = postSolution
		{753092B7-7EBB-4073-8CCB-9F6B1C28EE76}.Debug|Any CPU.ActiveCfg = Debug|Any CPU
		{753092B7-7EBB-4073-8CCB-9F6B1C28EE76}.Debug|Any CPU.Build.0 = Debug|Any CPU
		{753092B7-7EBB-4073-8CCB-9F6B1C28EE76}.Release|Any CPU.ActiveCfg = Release|Any CPU
		{753092B7-7EBB-4073-8CCB-9F6B1C28EE76}.Release|Any CPU.Build.0 = Release|Any CPU
	EndGlobalSection
	GlobalSection(SolutionProperties) = preSolution
		HideSolutionNode = FALSE
	EndGlobalSection
	GlobalSection(ExtensibilityGlobals) = postSolution
		SolutionGuid = {DD572885-C074-4200-B6D7-36311FF042A0}
	EndGlobalSection
EndGlobal
