
Microsoft Visual Studio Solution File, Format Version 12.00
# Visual Studio 15
VisualStudioVersion = 15.0.28307.438
MinimumVisualStudioVersion = 10.0.40219.1
Project("{FAE04EC0-301F-11D3-BF4B-00C04F79EFBC}") = "ASCII", "Week6\ASCII.csproj", "{8A44417D-1A31-488E-BF89-51DB8E253654}"
EndProject
Project("{FAE04EC0-301F-11D3-BF4B-00C04F79EFBC}") = "BFS", "BFS\BFS.csproj", "{24E998FA-0124-48CF-AD91-027C57DCFE4F}"
EndProject
Project("{FAE04EC0-301F-11D3-BF4B-00C04F79EFBC}") = "Simon", "Simon\Simon.csproj", "{5D31D683-8FAA-4F52-8151-842E9ACD0E97}"
EndProject
Global
	GlobalSection(SolutionConfigurationPlatforms) = preSolution
		Debug|Any CPU = Debug|Any CPU
		Release|Any CPU = Release|Any CPU
	EndGlobalSection
	GlobalSection(ProjectConfigurationPlatforms) = postSolution
		{8A44417D-1A31-488E-BF89-51DB8E253654}.Debug|Any CPU.ActiveCfg = Debug|Any CPU
		{8A44417D-1A31-488E-BF89-51DB8E253654}.Debug|Any CPU.Build.0 = Debug|Any CPU
		{8A44417D-1A31-488E-BF89-51DB8E253654}.Release|Any CPU.ActiveCfg = Release|Any CPU
		{8A44417D-1A31-488E-BF89-51DB8E253654}.Release|Any CPU.Build.0 = Release|Any CPU
		{24E998FA-0124-48CF-AD91-027C57DCFE4F}.Debug|Any CPU.ActiveCfg = Debug|Any CPU
		{24E998FA-0124-48CF-AD91-027C57DCFE4F}.Debug|Any CPU.Build.0 = Debug|Any CPU
		{24E998FA-0124-48CF-AD91-027C57DCFE4F}.Release|Any CPU.ActiveCfg = Release|Any CPU
		{24E998FA-0124-48CF-AD91-027C57DCFE4F}.Release|Any CPU.Build.0 = Release|Any CPU
		{5D31D683-8FAA-4F52-8151-842E9ACD0E97}.Debug|Any CPU.ActiveCfg = Debug|Any CPU
		{5D31D683-8FAA-4F52-8151-842E9ACD0E97}.Debug|Any CPU.Build.0 = Debug|Any CPU
		{5D31D683-8FAA-4F52-8151-842E9ACD0E97}.Release|Any CPU.ActiveCfg = Release|Any CPU
		{5D31D683-8FAA-4F52-8151-842E9ACD0E97}.Release|Any CPU.Build.0 = Release|Any CPU
	EndGlobalSection
	GlobalSection(SolutionProperties) = preSolution
		HideSolutionNode = FALSE
	EndGlobalSection
	GlobalSection(ExtensibilityGlobals) = postSolution
		SolutionGuid = {D8F90EE3-143B-475F-B684-44178019526A}
	EndGlobalSection
EndGlobal
