
Microsoft Visual Studio Solution File, Format Version 12.00
# Visual Studio 15
VisualStudioVersion = 15.0.28307.438
MinimumVisualStudioVersion = 10.0.40219.1
Project("{FAE04EC0-301F-11D3-BF4B-00C04F79EFBC}") = "TopSecretOrders", "Week4\TopSecretOrders.csproj", "{2E0083A4-50DE-45A4-9694-B77771EB9016}"
EndProject
Global
	GlobalSection(SolutionConfigurationPlatforms) = preSolution
		Debug|Any CPU = Debug|Any CPU
		Release|Any CPU = Release|Any CPU
	EndGlobalSection
	GlobalSection(ProjectConfigurationPlatforms) = postSolution
		{2E0083A4-50DE-45A4-9694-B77771EB9016}.Debug|Any CPU.ActiveCfg = Debug|Any CPU
		{2E0083A4-50DE-45A4-9694-B77771EB9016}.Debug|Any CPU.Build.0 = Debug|Any CPU
		{2E0083A4-50DE-45A4-9694-B77771EB9016}.Release|Any CPU.ActiveCfg = Release|Any CPU
		{2E0083A4-50DE-45A4-9694-B77771EB9016}.Release|Any CPU.Build.0 = Release|Any CPU
	EndGlobalSection
	GlobalSection(SolutionProperties) = preSolution
		HideSolutionNode = FALSE
	EndGlobalSection
	GlobalSection(ExtensibilityGlobals) = postSolution
		SolutionGuid = {5E092657-C038-4B1E-B95D-995B14C3ACE6}
	EndGlobalSection
EndGlobal
