
Microsoft Visual Studio Solution File, Format Version 12.00
# Visual Studio 15
VisualStudioVersion = 15.0.28307.438
MinimumVisualStudioVersion = 10.0.40219.1
Project("{FAE04EC0-301F-11D3-BF4B-00C04F79EFBC}") = "TicTacToe", "Week5\TicTacToe.csproj", "{D93BEAF8-AA8A-4BE6-A15B-20D3F40C381D}"
EndProject
Global
	GlobalSection(SolutionConfigurationPlatforms) = preSolution
		Debug|Any CPU = Debug|Any CPU
		Release|Any CPU = Release|Any CPU
	EndGlobalSection
	GlobalSection(ProjectConfigurationPlatforms) = postSolution
		{D93BEAF8-AA8A-4BE6-A15B-20D3F40C381D}.Debug|Any CPU.ActiveCfg = Debug|Any CPU
		{D93BEAF8-AA8A-4BE6-A15B-20D3F40C381D}.Debug|Any CPU.Build.0 = Debug|Any CPU
		{D93BEAF8-AA8A-4BE6-A15B-20D3F40C381D}.Release|Any CPU.ActiveCfg = Release|Any CPU
		{D93BEAF8-AA8A-4BE6-A15B-20D3F40C381D}.Release|Any CPU.Build.0 = Release|Any CPU
	EndGlobalSection
	GlobalSection(SolutionProperties) = preSolution
		HideSolutionNode = FALSE
	EndGlobalSection
	GlobalSection(ExtensibilityGlobals) = postSolution
		SolutionGuid = {7DB608B7-E5BD-446D-8F6C-EC0507FB7687}
	EndGlobalSection
EndGlobal
